
Microsoft Visual Studio Solution File, Format Version 12.00
# Visual Studio 15
VisualStudioVersion = 15.0.27703.2042
MinimumVisualStudioVersion = 10.0.40219.1
Project("{8BC9CEB8-8B4A-11D0-8D11-00A0C91BC942}") = "22.08.2018", "22.08.2018\22.08.2018.vcxproj", "{38E6DE8A-8B6A-44E6-BC52-FB1361D7D19D}"
EndProject
Global
	GlobalSection(SolutionConfigurationPlatforms) = preSolution
		Debug|x64 = Debug|x64
		Debug|x86 = Debug|x86
		Release|x64 = Release|x64
		Release|x86 = Release|x86
	EndGlobalSection
	GlobalSection(ProjectConfigurationPlatforms) = postSolution
		{38E6DE8A-8B6A-44E6-BC52-FB1361D7D19D}.Debug|x64.ActiveCfg = Debug|x64
		{38E6DE8A-8B6A-44E6-BC52-FB1361D7D19D}.Debug|x64.Build.0 = Debug|x64
		{38E6DE8A-8B6A-44E6-BC52-FB1361D7D19D}.Debug|x86.ActiveCfg = Debug|Win32
		{38E6DE8A-8B6A-44E6-BC52-FB1361D7D19D}.Debug|x86.Build.0 = Debug|Win32
		{38E6DE8A-8B6A-44E6-BC52-FB1361D7D19D}.Release|x64.ActiveCfg = Release|x64
		{38E6DE8A-8B6A-44E6-BC52-FB1361D7D19D}.Release|x64.Build.0 = Release|x64
		{38E6DE8A-8B6A-44E6-BC52-FB1361D7D19D}.Release|x86.ActiveCfg = Release|Win32
		{38E6DE8A-8B6A-44E6-BC52-FB1361D7D19D}.Release|x86.Build.0 = Release|Win32
	EndGlobalSection
	GlobalSection(SolutionProperties) = preSolution
		HideSolutionNode = FALSE
	EndGlobalSection
	GlobalSection(ExtensibilityGlobals) = postSolution
		SolutionGuid = {3A027D7C-1C29-483D-B123-FEE6DD6E0666}
	EndGlobalSection
EndGlobal
